// !$*UTF8*$!
{
	archiveVersion = 1;
	classes = {
	};
	objectVersion = 50;
	objects = {

/* Begin PBXBuildFile section */
		018349A4250B54AF00073D01 /* AppDelegate.swift in Sources */ = {isa = PBXBuildFile; fileRef = 018349A3250B54AF00073D01 /* AppDelegate.swift */; };
		018349A6250B54AF00073D01 /* ViewController.swift in Sources */ = {isa = PBXBuildFile; fileRef = 018349A5250B54AF00073D01 /* ViewController.swift */; };
		018349A9250B54AF00073D01 /* Main.storyboard in Resources */ = {isa = PBXBuildFile; fileRef = 018349A7250B54AF00073D01 /* Main.storyboard */; };
		018349AB250B54B000073D01 /* Assets.xcassets in Resources */ = {isa = PBXBuildFile; fileRef = 018349AA250B54B000073D01 /* Assets.xcassets */; };
		018349AE250B54B000073D01 /* LaunchScreen.storyboard in Resources */ = {isa = PBXBuildFile; fileRef = 018349AC250B54B000073D01 /* LaunchScreen.storyboard */; };
		AB63D4C528BD1BCC088455A6 /* Pods_test_sathit.framework in Frameworks */ = {isa = PBXBuildFile; fileRef = 0EC5582997564706349AC7CE /* Pods_test_sathit.framework */; };
/* End PBXBuildFile section */

/* Begin PBXFileReference section */
		018349A0250B54AF00073D01 /* test-sathit.app */ = {isa = PBXFileReference; explicitFileType = wrapper.application; includeInIndex = 0; path = "test-sathit.app"; sourceTree = BUILT_PRODUCTS_DIR; };
		018349A3250B54AF00073D01 /* AppDelegate.swift */ = {isa = PBXFileReference; lastKnownFileType = sourcecode.swift; path = AppDelegate.swift; sourceTree = "<group>"; };
		018349A5250B54AF00073D01 /* ViewController.swift */ = {isa = PBXFileReference; lastKnownFileType = sourcecode.swift; path = ViewController.swift; sourceTree = "<group>"; };
		018349A8250B54AF00073D01 /* Base */ = {isa = PBXFileReference; lastKnownFileType = file.storyboard; name = Base; path = Base.lproj/Main.storyboard; sourceTree = "<group>"; };
		018349AA250B54B000073D01 /* Assets.xcassets */ = {isa = PBXFileReference; lastKnownFileType = folder.assetcatalog; path = Assets.xcassets; sourceTree = "<group>"; };
		018349AD250B54B000073D01 /* Base */ = {isa = PBXFileReference; lastKnownFileType = file.storyboard; name = Base; path = Base.lproj/LaunchScreen.storyboard; sourceTree = "<group>"; };
		018349AF250B54B000073D01 /* Info.plist */ = {isa = PBXFileReference; lastKnownFileType = text.plist.xml; path = Info.plist; sourceTree = "<group>"; };
		0EC5582997564706349AC7CE /* Pods_test_sathit.framework */ = {isa = PBXFileReference; explicitFileType = wrapper.framework; includeInIndex = 0; path = Pods_test_sathit.framework; sourceTree = BUILT_PRODUCTS_DIR; };
		2CF4BE5FBF9A06764679BAAE /* Pods-test-sathit.debug.xcconfig */ = {isa = PBXFileReference; includeInIndex = 1; lastKnownFileType = text.xcconfig; name = "Pods-test-sathit.debug.xcconfig"; path = "Pods/Target Support Files/Pods-test-sathit/Pods-test-sathit.debug.xcconfig"; sourceTree = "<group>"; };
		6604D560D5294580D7E2ABFE /* Pods-test-sathit.release.xcconfig */ = {isa = PBXFileReference; includeInIndex = 1; lastKnownFileType = text.xcconfig; name = "Pods-test-sathit.release.xcconfig"; path = "Pods/Target Support Files/Pods-test-sathit/Pods-test-sathit.release.xcconfig"; sourceTree = "<group>"; };
/* End PBXFileReference section */

/* Begin PBXFrameworksBuildPhase section */
		0183499D250B54AF00073D01 /* Frameworks */ = {
			isa = PBXFrameworksBuildPhase;
			buildActionMask = 2147483647;
			files = (
				AB63D4C528BD1BCC088455A6 /* Pods_test_sathit.framework in Frameworks */,
			);
			runOnlyForDeploymentPostprocessing = 0;
		};
/* End PBXFrameworksBuildPhase section */

/* Begin PBXGroup section */
		01834997250B54AF00073D01 = {
			isa = PBXGroup;
			children = (
				018349A2250B54AF00073D01 /* test-sathit */,
				018349A1250B54AF00073D01 /* Products */,
				42AA3B83144E323E0A6F9E8A /* Pods */,
				5AD8845C698C16E242F5D75A /* Frameworks */,
			);
			sourceTree = "<group>";
		};
		018349A1250B54AF00073D01 /* Products */ = {
			isa = PBXGroup;
			children = (
				018349A0250B54AF00073D01 /* test-sathit.app */,
			);
			name = Products;
			sourceTree = "<group>";
		};
		018349A2250B54AF00073D01 /* test-sathit */ = {
			isa = PBXGroup;
			children = (
				018349A3250B54AF00073D01 /* AppDelegate.swift */,
				018349A5250B54AF00073D01 /* ViewController.swift */,
				018349A7250B54AF00073D01 /* Main.storyboard */,
				018349AA250B54B000073D01 /* Assets.xcassets */,
				018349AC250B54B000073D01 /* LaunchScreen.storyboard */,
				018349AF250B54B000073D01 /* Info.plist */,
			);
			path = "test-sathit";
			sourceTree = "<group>";
		};
		42AA3B83144E323E0A6F9E8A /* Pods */ = {
			isa = PBXGroup;
			children = (
				2CF4BE5FBF9A06764679BAAE /* Pods-test-sathit.debug.xcconfig */,
				6604D560D5294580D7E2ABFE /* Pods-test-sathit.release.xcconfig */,
			);
			name = Pods;
			sourceTree = "<group>";
		};
		5AD8845C698C16E242F5D75A /* Frameworks */ = {
			isa = PBXGroup;
			children = (
				0EC5582997564706349AC7CE /* Pods_test_sathit.framework */,
			);
			name = Frameworks;
			sourceTree = "<group>";
		};
/* End PBXGroup section */

/* Begin PBXNativeTarget section */
		0183499F250B54AF00073D01 /* test-sathit */ = {
			isa = PBXNativeTarget;
			buildConfigurationList = 018349B2250B54B000073D01 /* Build configuration list for PBXNativeTarget "test-sathit" */;
			buildPhases = (
				5B89936342F9E88EEAA8E063 /* [CP] Check Pods Manifest.lock */,
				0183499C250B54AF00073D01 /* Sources */,
				0183499D250B54AF00073D01 /* Frameworks */,
				0183499E250B54AF00073D01 /* Resources */,
				EF6A3228A7FAF9C85232CD44 /* [CP] Embed Pods Frameworks */,
			);
			buildRules = (
			);
			dependencies = (
			);
			name = "test-sathit";
			productName = "test-sathit";
			productReference = 018349A0250B54AF00073D01 /* test-sathit.app */;
			productType = "com.apple.product-type.application";
		};
/* End PBXNativeTarget section */

/* Begin PBXProject section */
		01834998250B54AF00073D01 /* Project object */ = {
			isa = PBXProject;
			attributes = {
				LastSwiftUpdateCheck = 0940;
				LastUpgradeCheck = 0940;
				ORGANIZATIONNAME = "is software";
				TargetAttributes = {
					0183499F250B54AF00073D01 = {
						CreatedOnToolsVersion = 9.4;
					};
				};
			};
			buildConfigurationList = 0183499B250B54AF00073D01 /* Build configuration list for PBXProject "test-sathit" */;
			compatibilityVersion = "Xcode 9.3";
			developmentRegion = en;
			hasScannedForEncodings = 0;
			knownRegions = (
				en,
				Base,
			);
			mainGroup = 01834997250B54AF00073D01;
			productRefGroup = 018349A1250B54AF00073D01 /* Products */;
			projectDirPath = "";
			projectRoot = "";
			targets = (
				0183499F250B54AF00073D01 /* test-sathit */,
			);
		};
/* End PBXProject section */

/* Begin PBXResourcesBuildPhase section */
		0183499E250B54AF00073D01 /* Resources */ = {
			isa = PBXResourcesBuildPhase;
			buildActionMask = 2147483647;
			files = (
				018349AE250B54B000073D01 /* LaunchScreen.storyboard in Resources */,
				018349AB250B54B000073D01 /* Assets.xcassets in Resources */,
				018349A9250B54AF00073D01 /* Main.storyboard in Resources */,
			);
			runOnlyForDeploymentPostprocessing = 0;
		};
/* End PBXResourcesBuildPhase section */

/* Begin PBXShellScriptBuildPhase section */
		5B89936342F9E88EEAA8E063 /* [CP] Check Pods Manifest.lock */ = {
			isa = PBXShellScriptBuildPhase;
			buildActionMask = 2147483647;
			files = (
			);
			inputPaths = (
				"${PODS_PODFILE_DIR_PATH}/Podfile.lock",
				"${PODS_ROOT}/Manifest.lock",
			);
			name = "[CP] Check Pods Manifest.lock";
			outputPaths = (
				"$(DERIVED_FILE_DIR)/Pods-test-sathit-checkManifestLockResult.txt",
			);
			runOnlyForDeploymentPostprocessing = 0;
			shellPath = /bin/sh;
			shellScript = "diff \"${PODS_PODFILE_DIR_PATH}/Podfile.lock\" \"${PODS_ROOT}/Manifest.lock\" > /dev/null\nif [ $? != 0 ] ; then\n    # print error to STDERR\n    echo \"error: The sandbox is not in sync with the Podfile.lock. Run 'pod install' or update your CocoaPods installation.\" >&2\n    exit 1\nfi\n# This output is used by Xcode 'outputs' to avoid re-running this script phase.\necho \"SUCCESS\" > \"${SCRIPT_OUTPUT_FILE_0}\"\n";
			showEnvVarsInLog = 0;
		};
		EF6A3228A7FAF9C85232CD44 /* [CP] Embed Pods Frameworks */ = {
			isa = PBXShellScriptBuildPhase;
			buildActionMask = 2147483647;
			files = (
			);
			inputPaths = (
				"${SRCROOT}/Pods/Target Support Files/Pods-test-sathit/Pods-test-sathit-frameworks.sh",
				"${BUILT_PRODUCTS_DIR}/Alamofire/Alamofire.framework",
				"${BUILT_PRODUCTS_DIR}/AlamofireImage/AlamofireImage.framework",
				"${BUILT_PRODUCTS_DIR}/Kingfisher/Kingfisher.framework",
				"${BUILT_PRODUCTS_DIR}/SwiftyJSON/SwiftyJSON.framework",
			);
			name = "[CP] Embed Pods Frameworks";
			outputPaths = (
				"${TARGET_BUILD_DIR}/${FRAMEWORKS_FOLDER_PATH}/Alamofire.framework",
				"${TARGET_BUILD_DIR}/${FRAMEWORKS_FOLDER_PATH}/AlamofireImage.framework",
				"${TARGET_BUILD_DIR}/${FRAMEWORKS_FOLDER_PATH}/Kingfisher.framework",
				"${TARGET_BUILD_DIR}/${FRAMEWORKS_FOLDER_PATH}/SwiftyJSON.framework",
			);
			runOnlyForDeploymentPostprocessing = 0;
			shellPath = /bin/sh;
			shellScript = "\"${SRCROOT}/Pods/Target Support Files/Pods-test-sathit/Pods-test-sathit-frameworks.sh\"\n";
			showEnvVarsInLog = 0;
		};
/* End PBXShellScriptBuildPhase section */

/* Begin PBXSourcesBuildPhase section */
		0183499C250B54AF00073D01 /* Sources */ = {
			isa = PBXSourcesBuildPhase;
			buildActionMask = 2147483647;
			files = (
				018349A6250B54AF00073D01 /* ViewController.swift in Sources */,
				018349A4250B54AF00073D01 /* AppDelegate.swift in Sources */,
			);
			runOnlyForDeploymentPostprocessing = 0;
		};
/* End PBXSourcesBuildPhase section */

/* Begin PBXVariantGroup section */
		018349A7250B54AF00073D01 /* Main.storyboard */ = {
			isa = PBXVariantGroup;
			children = (
				018349A8250B54AF00073D01 /* Base */,
			);
			name = Main.storyboard;
			sourceTree = "<group>";
		};
		018349AC250B54B000073D01 /* LaunchScreen.storyboard */ = {
			isa = PBXVariantGroup;
			children = (
				018349AD250B54B000073D01 /* Base */,
			);
			name = LaunchScreen.storyboard;
			sourceTree = "<group>";
		};
/* End PBXVariantGroup section */

/* Begin XCBuildConfiguration section */
		018349B0250B54B000073D01 /* Debug */ = {
			isa = XCBuildConfiguration;
			buildSettings = {
				ALWAYS_SEARCH_USER_PATHS = NO;
				CLANG_ANALYZER_NONNULL = YES;
				CLANG_ANALYZER_NUMBER_OBJECT_CONVERSION = YES_AGGRESSIVE;
				CLANG_CXX_LANGUAGE_STANDARD = "gnu++14";
				CLANG_CXX_LIBRARY = "libc++";
				CLANG_ENABLE_MODULES = YES;
				CLANG_ENABLE_OBJC_ARC = YES;
				CLANG_ENABLE_OBJC_WEAK = YES;
				CLANG_WARN_BLOCK_CAPTURE_AUTORELEASING = YES;
				CLANG_WARN_BOOL_CONVERSION = YES;
				CLANG_WARN_COMMA = YES;
				CLANG_WARN_CONSTANT_CONVERSION = YES;
				CLANG_WARN_DEPRECATED_OBJC_IMPLEMENTATIONS = YES;
				CLANG_WARN_DIRECT_OBJC_ISA_USAGE = YES_ERROR;
				CLANG_WARN_DOCUMENTATION_COMMENTS = YES;
				CLANG_WARN_EMPTY_BODY = YES;
				CLANG_WARN_ENUM_CONVERSION = YES;
				CLANG_WARN_INFINITE_RECURSION = YES;
				CLANG_WARN_INT_CONVERSION = YES;
				CLANG_WARN_NON_LITERAL_NULL_CONVERSION = YES;
				CLANG_WARN_OBJC_IMPLICIT_RETAIN_SELF = YES;
				CLANG_WARN_OBJC_LITERAL_CONVERSION = YES;
				CLANG_WARN_OBJC_ROOT_CLASS = YES_ERROR;
				CLANG_WARN_RANGE_LOOP_ANALYSIS = YES;
				CLANG_WARN_STRICT_PROTOTYPES = YES;
				CLANG_WARN_SUSPICIOUS_MOVE = YES;
				CLANG_WARN_UNGUARDED_AVAILABILITY = YES_AGGRESSIVE;
				CLANG_WARN_UNREACHABLE_CODE = YES;
				CLANG_WARN__DUPLICATE_METHOD_MATCH = YES;
				CODE_SIGN_IDENTITY = "iPhone Developer";
				COPY_PHASE_STRIP = NO;
				DEBUG_INFORMATION_FORMAT = dwarf;
				ENABLE_STRICT_OBJC_MSGSEND = YES;
				ENABLE_TESTABILITY = YES;
				GCC_C_LANGUAGE_STANDARD = gnu11;
				GCC_DYNAMIC_NO_PIC = NO;
				GCC_NO_COMMON_BLOCKS = YES;
				GCC_OPTIMIZATION_LEVEL = 0;
				GCC_PREPROCESSOR_DEFINITIONS = (
					"DEBUG=1",
					"$(inherited)",
				);
				GCC_WARN_64_TO_32_BIT_CONVERSION = YES;
				GCC_WARN_ABOUT_RETURN_TYPE = YES_ERROR;
				GCC_WARN_UNDECLARED_SELECTOR = YES;
				GCC_WARN_UNINITIALIZED_AUTOS = YES_AGGRESSIVE;
				GCC_WARN_UNUSED_FUNCTION = YES;
				GCC_WARN_UNUSED_VARIABLE = YES;
				IPHONEOS_DEPLOYMENT_TARGET = 11.4;
				MTL_ENABLE_DEBUG_INFO = YES;
				ONLY_ACTIVE_ARCH = YES;
				SDKROOT = iphoneos;
				SWIFT_ACTIVE_COMPILATION_CONDITIONS = DEBUG;
				SWIFT_OPTIMIZATION_LEVEL = "-Onone";
			};
			name = Debug;
		};
		018349B1250B54B000073D01 /* Release */ = {
			isa = XCBuildConfiguration;
			buildSettings = {
				ALWAYS_SEARCH_USER_PATHS = NO;
				CLANG_ANALYZER_NONNULL = YES;
				CLANG_ANALYZER_NUMBER_OBJECT_CONVERSION = YES_AGGRESSIVE;
				CLANG_CXX_LANGUAGE_STANDARD = "gnu++14";
				CLANG_CXX_LIBRARY = "libc++";
				CLANG_ENABLE_MODULES = YES;
				CLANG_ENABLE_OBJC_ARC = YES;
				CLANG_ENABLE_OBJC_WEAK = YES;
				CLANG_WARN_BLOCK_CAPTURE_AUTORELEASING = YES;
				CLANG_WARN_BOOL_CONVERSION = YES;
				CLANG_WARN_COMMA = YES;
				CLANG_WARN_CONSTANT_CONVERSION = YES;
				CLANG_WARN_DEPRECATED_OBJC_IMPLEMENTATIONS = YES;
				CLANG_WARN_DIRECT_OBJC_ISA_USAGE = YES_ERROR;
				CLANG_WARN_DOCUMENTATION_COMMENTS = YES;
				CLANG_WARN_EMPTY_BODY = YES;
				CLANG_WARN_ENUM_CONVERSION = YES;
				CLANG_WARN_INFINITE_RECURSION = YES;
				CLANG_WARN_INT_CONVERSION = YES;
				CLANG_WARN_NON_LITERAL_NULL_CONVERSION = YES;
				CLANG_WARN_OBJC_IMPLICIT_RETAIN_SELF = YES;
				CLANG_WARN_OBJC_LITERAL_CONVERSION = YES;
				CLANG_WARN_OBJC_ROOT_CLASS = YES_ERROR;
				CLANG_WARN_RANGE_LOOP_ANALYSIS = YES;
				CLANG_WARN_STRICT_PROTOTYPES = YES;
				CLANG_WARN_SUSPICIOUS_MOVE = YES;
				CLANG_WARN_UNGUARDED_AVAILABILITY = YES_AGGRESSIVE;
				CLANG_WARN_UNREACHABLE_CODE = YES;
				CLANG_WARN__DUPLICATE_METHOD_MATCH = YES;
				CODE_SIGN_IDENTITY = "iPhone Developer";
				COPY_PHASE_STRIP = NO;
				DEBUG_INFORMATION_FORMAT = "dwarf-with-dsym";
				ENABLE_NS_ASSERTIONS = NO;
				ENABLE_STRICT_OBJC_MSGSEND = YES;
				GCC_C_LANGUAGE_STANDARD = gnu11;
				GCC_NO_COMMON_BLOCKS = YES;
				GCC_WARN_64_TO_32_BIT_CONVERSION = YES;
				GCC_WARN_ABOUT_RETURN_TYPE = YES_ERROR;
				GCC_WARN_UNDECLARED_SELECTOR = YES;
				GCC_WARN_UNINITIALIZED_AUTOS = YES_AGGRESSIVE;
				GCC_WARN_UNUSED_FUNCTION = YES;
				GCC_WARN_UNUSED_VARIABLE = YES;
				IPHONEOS_DEPLOYMENT_TARGET = 11.4;
				MTL_ENABLE_DEBUG_INFO = NO;
				SDKROOT = iphoneos;
				SWIFT_COMPILATION_MODE = wholemodule;
				SWIFT_OPTIMIZATION_LEVEL = "-O";
				VALIDATE_PRODUCT = YES;
			};
			name = Release;
		};
		018349B3250B54B000073D01 /* Debug */ = {
			isa = XCBuildConfiguration;
			baseConfigurationReference = 2CF4BE5FBF9A06764679BAAE /* Pods-test-sathit.debug.xcconfig */;
			buildSettings = {
				ASSETCATALOG_COMPILER_APPICON_NAME = AppIcon;
				CODE_SIGN_STYLE = Automatic;
				DEVELOPMENT_TEAM = R743BRGZEC;
				INFOPLIST_FILE = "test-sathit/Info.plist";
				LD_RUNPATH_SEARCH_PATHS = (
					"$(inherited)",
					"@executable_path/Frameworks",
				);
				PRODUCT_BUNDLE_IDENTIFIER = "is.software.th.test-sathit";
				PRODUCT_NAME = "$(TARGET_NAME)";
				SWIFT_VERSION = 4.0;
				TARGETED_DEVICE_FAMILY = "1,2";
			};
			name = Debug;
		};
		018349B4250B54B000073D01 /* Release */ = {
			isa = XCBuildConfiguration;
			baseConfigurationReference = 6604D560D5294580D7E2ABFE /* Pods-test-sathit.release.xcconfig */;
			buildSettings = {
				ASSETCATALOG_COMPILER_APPICON_NAME = AppIcon;
				CODE_SIGN_STYLE = Automatic;
				DEVELOPMENT_TEAM = R743BRGZEC;
				INFOPLIST_FILE = "test-sathit/Info.plist";
				LD_RUNPATH_SEARCH_PATHS = (
					"$(inherited)",
					"@executable_path/Frameworks",
				);
				PRODUCT_BUNDLE_IDENTIFIER = "is.software.th.test-sathit";
				PRODUCT_NAME = "$(TARGET_NAME)";
				SWIFT_VERSION = 4.0;
				TARGETED_DEVICE_FAMILY = "1,2";
			};
			name = Release;
		};
/* End XCBuildConfiguration section */

/* Begin XCConfigurationList section */
		0183499B250B54AF00073D01 /* Build configuration list for PBXProject "test-sathit" */ = {
			isa = XCConfigurationList;
			buildConfigurations = (
				018349B0250B54B000073D01 /* Debug */,
				018349B1250B54B000073D01 /* Release */,
			);
			defaultConfigurationIsVisible = 0;
			defaultConfigurationName = Release;
		};
		018349B2250B54B000073D01 /* Build configuration list for PBXNativeTarget "test-sathit" */ = {
			isa = XCConfigurationList;
			buildConfigurations = (
				018349B3250B54B000073D01 /* Debug */,
				018349B4250B54B000073D01 /* Release */,
			);
			defaultConfigurationIsVisible = 0;
			defaultConfigurationName = Release;
		};
/* End XCConfigurationList section */
	};
	rootObject = 01834998250B54AF00073D01 /* Project object */;
}
